
Microsoft Visual Studio Solution File, Format Version 12.00
# Visual Studio Version 17
VisualStudioVersion = 17.7.34302.85
MinimumVisualStudioVersion = 10.0.40219.1
Project("{9A19103F-16F7-4668-BE54-9A1E7A4F7556}") = "BHF.MS.MyMicroservice", "code\BHF.MS.MyMicroservice\BHF.MS.MyMicroservice.csproj", "{6417CE87-B6E5-4E1C-8488-129C1593748F}"
EndProject
Project("{2150E333-8FDC-42A3-9474-1A3956D46DE8}") = "Configuration", "Configuration", "{BF929896-7E34-4471-B1B7-1584D61CBCA9}"
	ProjectSection(SolutionItems) = preProject
		.dockerignore = .dockerignore
		.editorconfig = .editorconfig
		.gitattributes = .gitattributes
		.gitignore = .gitignore
		CodeCoverage.runsettings = CodeCoverage.runsettings
		devops\deploy.ps1 = devops\deploy.ps1
		Directory.Build.props = Directory.Build.props
		Directory.Build.props.user.example = Directory.Build.props.user.example
		Directory.Build.targets = Directory.Build.targets
		Directory.Build.targets.user.example = Directory.Build.targets.user.example
		README.md = README.md
	EndProjectSection
EndProject
Project("{9A19103F-16F7-4668-BE54-9A1E7A4F7556}") = "BHF.MS.MyMicroservice.Database", "code\BHF.MS.MyMicroservice.Database\BHF.MS.MyMicroservice.Database.csproj", "{59310B83-A09C-4366-B44A-DC9B682BB9F7}"
EndProject
Project("{2150E333-8FDC-42A3-9474-1A3956D46DE8}") = "Tests", "Tests", "{C14A1192-F054-4BD9-9B95-DFE390B80826}"
EndProject
Project("{9A19103F-16F7-4668-BE54-9A1E7A4F7556}") = "BHF.MS.MyMicroservice.Tests", "tests\BHF.MS.MyMicroservice.Tests\BHF.MS.MyMicroservice.Tests.csproj", "{65D95A7D-3897-43E3-AE9D-40BC8260DD1D}"
EndProject
Project("{9A19103F-16F7-4668-BE54-9A1E7A4F7556}") = "BHF.MS.MyMicroservice.Database.Tests", "tests\BHF.MS.MyMicroservice.Database.Tests\BHF.MS.MyMicroservice.Database.Tests.csproj", "{C03E232C-E55C-4D9E-9875-38D6CF35CD8A}"
EndProject
Global
	GlobalSection(SolutionConfigurationPlatforms) = preSolution
		Debug|Any CPU = Debug|Any CPU
		Release|Any CPU = Release|Any CPU
	EndGlobalSection
	GlobalSection(ProjectConfigurationPlatforms) = postSolution
		{6417CE87-B6E5-4E1C-8488-129C1593748F}.Debug|Any CPU.ActiveCfg = Debug|Any CPU
		{6417CE87-B6E5-4E1C-8488-129C1593748F}.Debug|Any CPU.Build.0 = Debug|Any CPU
		{6417CE87-B6E5-4E1C-8488-129C1593748F}.Release|Any CPU.ActiveCfg = Release|Any CPU
		{6417CE87-B6E5-4E1C-8488-129C1593748F}.Release|Any CPU.Build.0 = Release|Any CPU
		{59310B83-A09C-4366-B44A-DC9B682BB9F7}.Debug|Any CPU.ActiveCfg = Debug|Any CPU
		{59310B83-A09C-4366-B44A-DC9B682BB9F7}.Debug|Any CPU.Build.0 = Debug|Any CPU
		{59310B83-A09C-4366-B44A-DC9B682BB9F7}.Release|Any CPU.ActiveCfg = Release|Any CPU
		{59310B83-A09C-4366-B44A-DC9B682BB9F7}.Release|Any CPU.Build.0 = Release|Any CPU
		{65D95A7D-3897-43E3-AE9D-40BC8260DD1D}.Debug|Any CPU.ActiveCfg = Debug|Any CPU
		{65D95A7D-3897-43E3-AE9D-40BC8260DD1D}.Debug|Any CPU.Build.0 = Debug|Any CPU
		{65D95A7D-3897-43E3-AE9D-40BC8260DD1D}.Release|Any CPU.ActiveCfg = Release|Any CPU
		{65D95A7D-3897-43E3-AE9D-40BC8260DD1D}.Release|Any CPU.Build.0 = Release|Any CPU
		{C03E232C-E55C-4D9E-9875-38D6CF35CD8A}.Debug|Any CPU.ActiveCfg = Debug|Any CPU
		{C03E232C-E55C-4D9E-9875-38D6CF35CD8A}.Debug|Any CPU.Build.0 = Debug|Any CPU
		{C03E232C-E55C-4D9E-9875-38D6CF35CD8A}.Release|Any CPU.ActiveCfg = Release|Any CPU
		{C03E232C-E55C-4D9E-9875-38D6CF35CD8A}.Release|Any CPU.Build.0 = Release|Any CPU
	EndGlobalSection
	GlobalSection(SolutionProperties) = preSolution
		HideSolutionNode = FALSE
	EndGlobalSection
	GlobalSection(NestedProjects) = preSolution
		{65D95A7D-3897-43E3-AE9D-40BC8260DD1D} = {C14A1192-F054-4BD9-9B95-DFE390B80826}
		{C03E232C-E55C-4D9E-9875-38D6CF35CD8A} = {C14A1192-F054-4BD9-9B95-DFE390B80826}
	EndGlobalSection
	GlobalSection(ExtensibilityGlobals) = postSolution
		SolutionGuid = {EE18F0AE-76F3-4A74-92BA-985E311F8A6C}
	EndGlobalSection
EndGlobal
