
Microsoft Visual Studio Solution File, Format Version 12.00
# Visual Studio Version 17
VisualStudioVersion = 17.7.34302.85
MinimumVisualStudioVersion = 10.0.40219.1
Project("{9A19103F-16F7-4668-BE54-9A1E7A4F7556}") = "BHF.MS.MyMicroservice", "code\BHF.MS.MyMicroservice\BHF.MS.MyMicroservice.csproj", "{6417CE87-B6E5-4E1C-8488-129C1593748F}"
EndProject
Project("{9A19103F-16F7-4668-BE54-9A1E7A4F7556}") = "BHF.MS.MyMicroservice.Tests", "tests\BHF.MS.MyMicroservice.Tests\BHF.MS.MyMicroservice.Tests.csproj", "{BBD06C78-6EB2-46E7-AB8A-9A58FAF54E7F}"
EndProject
Project("{2150E333-8FDC-42A3-9474-1A3956D46DE8}") = "Configuration", "Configuration", "{BF929896-7E34-4471-B1B7-1584D61CBCA9}"
	ProjectSection(SolutionItems) = preProject
		.editorconfig = .editorconfig
		.gitattributes = .gitattributes
		.gitignore = .gitignore
		Directory.Build.props = Directory.Build.props
		Directory.Build.props.user.example = Directory.Build.props.user.example
		Directory.Build.targets = Directory.Build.targets
		Directory.Build.targets.user.example = Directory.Build.targets.user.example
	EndProjectSection
EndProject
Global
	GlobalSection(SolutionConfigurationPlatforms) = preSolution
		Debug|Any CPU = Debug|Any CPU
		Release|Any CPU = Release|Any CPU
	EndGlobalSection
	GlobalSection(ProjectConfigurationPlatforms) = postSolution
		{6417CE87-B6E5-4E1C-8488-129C1593748F}.Debug|Any CPU.ActiveCfg = Debug|Any CPU
		{6417CE87-B6E5-4E1C-8488-129C1593748F}.Debug|Any CPU.Build.0 = Debug|Any CPU
		{6417CE87-B6E5-4E1C-8488-129C1593748F}.Release|Any CPU.ActiveCfg = Release|Any CPU
		{6417CE87-B6E5-4E1C-8488-129C1593748F}.Release|Any CPU.Build.0 = Release|Any CPU
		{BBD06C78-6EB2-46E7-AB8A-9A58FAF54E7F}.Debug|Any CPU.ActiveCfg = Debug|Any CPU
		{BBD06C78-6EB2-46E7-AB8A-9A58FAF54E7F}.Debug|Any CPU.Build.0 = Debug|Any CPU
		{BBD06C78-6EB2-46E7-AB8A-9A58FAF54E7F}.Release|Any CPU.ActiveCfg = Release|Any CPU
		{BBD06C78-6EB2-46E7-AB8A-9A58FAF54E7F}.Release|Any CPU.Build.0 = Release|Any CPU
	EndGlobalSection
	GlobalSection(SolutionProperties) = preSolution
		HideSolutionNode = FALSE
	EndGlobalSection
	GlobalSection(ExtensibilityGlobals) = postSolution
		SolutionGuid = {EE18F0AE-76F3-4A74-92BA-985E311F8A6C}
	EndGlobalSection
EndGlobal
